{
  "nodes": {
    "hyprutils": {
      "inputs": {
        "nixpkgs": [
          "nixpkgs"
        ],
        "systems": [
          "systems"
        ]
      },
      "locked": {
        "lastModified": 1719593398,
        "narHash": "sha256-OC3ciW8JmQwFyWl2v5aCNx1Qtbqzglv2nAqqX0pu0xk=",
        "owner": "hyprwm",
        "repo": "hyprutils",
        "rev": "7e1b6610a21b451ca8aacf5b22c95f4139df43d6",
        "type": "github"
      },
      "original": {
        "owner": "hyprwm",
        "repo": "hyprutils",
        "type": "github"
      }
    },
    "hyprwayland-scanner": {
      "inputs": {
        "nixpkgs": [
          "nixpkgs"
        ],
        "systems": [
          "systems"
        ]
      },
      "locked": {
        "lastModified": 1719440676,
        "narHash": "sha256-7J5P78kH+Sg7LaKYOqnJtOKOF+NB2z/8bhm622FULPI=",
        "owner": "hyprwm",
        "repo": "hyprwayland-scanner",
        "rev": "55c78a56c0f6831a62945f8d3edc62ed827c575c",
        "type": "github"
      },
      "original": {
        "owner": "hyprwm",
        "repo": "hyprwayland-scanner",
        "type": "github"
      }
    },
    "nixpkgs": {
      "locked": {
        "lastModified": 1719506693,
        "narHash": "sha256-C8e9S7RzshSdHB7L+v9I51af1gDM5unhJ2xO1ywxNH8=",
        "owner": "NixOS",
        "repo": "nixpkgs",
        "rev": "b2852eb9365c6de48ffb0dc2c9562591f652242a",
        "type": "github"
      },
      "original": {
        "owner": "NixOS",
        "ref": "nixos-unstable",
        "repo": "nixpkgs",
        "type": "github"
      }
    },
    "root": {
      "inputs": {
        "hyprutils": "hyprutils",
        "hyprwayland-scanner": "hyprwayland-scanner",
        "nixpkgs": "nixpkgs",
        "systems": "systems"
      }
    },
    "systems": {
      "locked": {
        "lastModified": 1689347949,
        "narHash": "sha256-12tWmuL2zgBgZkdoB6qXZsgJEH9LR3oUgpaQq2RbI80=",
        "owner": "nix-systems",
        "repo": "default-linux",
        "rev": "31732fcf5e8fea42e59c2488ad31a0e651500f68",
        "type": "github"
      },
      "original": {
        "owner": "nix-systems",
        "repo": "default-linux",
        "type": "github"
      }
    }
  },
  "root": "root",
  "version": 7
}
